
Microsoft Visual Studio Solution File, Format Version 12.00
# Visual Studio Version 17
VisualStudioVersion = 17.10.34928.147
MinimumVisualStudioVersion = 10.0.40219.1
Project("{FAE04EC0-301F-11D3-BF4B-00C04F79EFBC}") = "Task3", "Task3\Task3.csproj", "{B01C41AF-150F-4A12-B4E8-59EB4A691D02}"
EndProject
Global
	GlobalSection(SolutionConfigurationPlatforms) = preSolution
		Debug|Any CPU = Debug|Any CPU
		Release|Any CPU = Release|Any CPU
	EndGlobalSection
	GlobalSection(ProjectConfigurationPlatforms) = postSolution
		{B01C41AF-150F-4A12-B4E8-59EB4A691D02}.Debug|Any CPU.ActiveCfg = Debug|Any CPU
		{B01C41AF-150F-4A12-B4E8-59EB4A691D02}.Debug|Any CPU.Build.0 = Debug|Any CPU
		{B01C41AF-150F-4A12-B4E8-59EB4A691D02}.Release|Any CPU.ActiveCfg = Release|Any CPU
		{B01C41AF-150F-4A12-B4E8-59EB4A691D02}.Release|Any CPU.Build.0 = Release|Any CPU
	EndGlobalSection
	GlobalSection(SolutionProperties) = preSolution
		HideSolutionNode = FALSE
	EndGlobalSection
	GlobalSection(ExtensibilityGlobals) = postSolution
		SolutionGuid = {81CAA782-7970-4625-86F3-286B45266F1E}
	EndGlobalSection
EndGlobal
